{
  "version": 4,
  "terraform_version": "1.9.2",
  "serial": 11,
  "lineage": "b0ba25ec-262e-9581-4e54-25a1e749d2e2",
  "outputs": {
    "ssh_command": {
      "value": "ssh azureuser@20.42.21.97",
      "type": "string"
    }
  },
  "resources": [
    {
      "mode": "managed",
      "type": "azurerm_linux_virtual_machine",
      "name": "vm",
      "provider": "provider[\"registry.terraform.io/hashicorp/azurerm\"]",
      "instances": [
        {
          "schema_version": 0,
          "attributes": {
            "additional_capabilities": [],
            "admin_password": null,
            "admin_ssh_key": [
              {
                "public_key": "ssh-rsa AAAAB3NzaC1yc2EAAAADAQABAAACAQC/IylNRmF02ZJ593UnrEfpEZrHuf1V0JhKfcNNOqEQzu2BRzGEAyhdzUfNMJRvA30cgs0RUfAkjzXB4PWM/YBJI1KyTyXF5vaHhDjask0LYyOJmSNM+p4TH9GUjicECJMukh4YwxcwuR9VMKtqY/KimE+36qUxfAGU+eD5MbZiWqk7lQ7KXizFHzsPTE+6OPpejl7/ZmrTm0xZfr3kytPRGn8n79jkIuTy18b/ZUbqNot1em3Mh00Sp8eJ/4jshOODAtaxkC8E0Tf0vD4FZFR15OndKa5LjVlZKHPyi1w6QwnS/K6HdlLqjSFu4QriP4GqP4C/mlTuDDOT5S+FZoUPikAxH5HmfucGJNfmZ033qSarUyyn3W2gloS1q35yLyUvk1uzUWJzmy9UA9gOmuvZHlmmTP5J5bS5TMpXq2X7vrTfvbeu3KzEIM4g6t13BWqWeabSYEpEJqF9lwDtxQdYKwFfhqdXqZRqwecHACfpEDhu8Nv/pg0L87LWk4lvk1nID0YaGqenZqrgypr8J4IqXhIZ9z8oqHMFjtmoUvhOPHMDk1ovXSHKke/8i50u0Ga98OZhuC4f+xwiMg5z4B6wAichrT4/PhaLyys90Pf2Unye85MAFlueKOU1TWbptUZQoTH68K9DxRtbWdf52uM5TtJkg1PkQN0jTmd9E3XLYQ== tbongiovani@firewall-vm\r\n",
                "username": "azureuser"
              }
            ],
            "admin_username": "azureuser",
            "allow_extension_operations": true,
            "availability_set_id": "",
            "boot_diagnostics": [],
            "bypass_platform_safety_checks_on_user_schedule_enabled": false,
            "capacity_reservation_group_id": "",
            "computer_name": "redhat-vm-001",
            "custom_data": null,
            "dedicated_host_group_id": "",
            "dedicated_host_id": "",
            "disable_password_authentication": true,
            "disk_controller_type": "SCSI",
            "edge_zone": "",
            "encryption_at_host_enabled": false,
            "eviction_policy": "",
            "extensions_time_budget": "PT1H30M",
            "gallery_application": [],
            "id": "/subscriptions/247f1805-23e4-49df-8359-ce71728346a3/resourceGroups/rg-redhat-vm-001/providers/Microsoft.Compute/virtualMachines/redhat-vm-001",
            "identity": [],
            "license_type": "",
            "location": "eastus",
            "max_bid_price": -1,
            "name": "redhat-vm-001",
            "network_interface_ids": [
              "/subscriptions/247f1805-23e4-49df-8359-ce71728346a3/resourceGroups/rg-redhat-vm-001/providers/Microsoft.Network/networkInterfaces/nic-redhat"
            ],
            "os_disk": [
              {
                "caching": "ReadWrite",
                "diff_disk_settings": [],
                "disk_encryption_set_id": "",
                "disk_size_gb": 64,
                "id": "/subscriptions/247f1805-23e4-49df-8359-ce71728346a3/resourceGroups/rg-redhat-vm-001/providers/Microsoft.Compute/disks/osdisk-redhat",
                "name": "osdisk-redhat",
                "secure_vm_disk_encryption_set_id": "",
                "security_encryption_type": "",
                "storage_account_type": "Standard_LRS",
                "write_accelerator_enabled": false
              }
            ],
            "os_image_notification": [],
            "os_managed_disk_id": "/subscriptions/247f1805-23e4-49df-8359-ce71728346a3/resourceGroups/rg-redhat-vm-001/providers/Microsoft.Compute/disks/osdisk-redhat",
            "patch_assessment_mode": "ImageDefault",
            "patch_mode": "ImageDefault",
            "plan": [],
            "platform_fault_domain": -1,
            "priority": "Regular",
            "private_ip_address": "10.0.1.4",
            "private_ip_addresses": [
              "10.0.1.4"
            ],
            "provision_vm_agent": true,
            "proximity_placement_group_id": "",
            "public_ip_address": "20.42.21.97",
            "public_ip_addresses": [
              "20.42.21.97"
            ],
            "reboot_setting": "",
            "resource_group_name": "rg-redhat-vm-001",
            "secret": [],
            "secure_boot_enabled": false,
            "size": "Standard_B1s",
            "source_image_id": "",
            "source_image_reference": [
              {
                "offer": "RHEL",
                "publisher": "RedHat",
                "sku": "83-gen2",
                "version": "latest"
              }
            ],
            "tags": null,
            "termination_notification": null,
            "timeouts": null,
            "user_data": "",
            "virtual_machine_id": "024cb802-f1fa-4d9a-8707-ff0f648b8ed8",
            "virtual_machine_scale_set_id": "",
            "vm_agent_platform_updates_enabled": false,
            "vtpm_enabled": false,
            "zone": ""
          },
          "sensitive_attributes": [
            [
              {
                "type": "get_attr",
                "value": "admin_password"
              }
            ],
            [
              {
                "type": "get_attr",
                "value": "custom_data"
              }
            ]
          ],
          "private": "eyJlMmJmYjczMC1lY2FhLTExZTYtOGY4OC0zNDM2M2JjN2M0YzAiOnsiY3JlYXRlIjoyNzAwMDAwMDAwMDAwLCJkZWxldGUiOjI3MDAwMDAwMDAwMDAsInJlYWQiOjMwMDAwMDAwMDAwMCwidXBkYXRlIjoyNzAwMDAwMDAwMDAwfX0=",
          "dependencies": [
            "azurerm_network_interface.nic",
            "azurerm_public_ip.public_ip",
            "azurerm_resource_group.rg",
            "azurerm_subnet.subnet",
            "azurerm_virtual_network.vnet"
          ]
        }
      ]
    },
    {
      "mode": "managed",
      "type": "azurerm_network_interface",
      "name": "nic",
      "provider": "provider[\"registry.terraform.io/hashicorp/azurerm\"]",
      "instances": [
        {
          "schema_version": 0,
          "attributes": {
            "accelerated_networking_enabled": false,
            "applied_dns_servers": [],
            "auxiliary_mode": "",
            "auxiliary_sku": "",
            "dns_servers": null,
            "edge_zone": "",
            "id": "/subscriptions/247f1805-23e4-49df-8359-ce71728346a3/resourceGroups/rg-redhat-vm-001/providers/Microsoft.Network/networkInterfaces/nic-redhat",
            "internal_dns_name_label": "",
            "internal_domain_name_suffix": "ie4luexcfuzubffs1et3fkp1pg.bx.internal.cloudapp.net",
            "ip_configuration": [
              {
                "gateway_load_balancer_frontend_ip_configuration_id": "",
                "name": "internal",
                "primary": true,
                "private_ip_address": "10.0.1.4",
                "private_ip_address_allocation": "Dynamic",
                "private_ip_address_version": "IPv4",
                "public_ip_address_id": "/subscriptions/247f1805-23e4-49df-8359-ce71728346a3/resourceGroups/rg-redhat-vm-001/providers/Microsoft.Network/publicIPAddresses/public-ip-redhat",
                "subnet_id": "/subscriptions/247f1805-23e4-49df-8359-ce71728346a3/resourceGroups/rg-redhat-vm-001/providers/Microsoft.Network/virtualNetworks/vnet-redhat/subnets/subnet-redhat"
              }
            ],
            "ip_forwarding_enabled": false,
            "location": "eastus",
            "mac_address": "",
            "name": "nic-redhat",
            "private_ip_address": "10.0.1.4",
            "private_ip_addresses": [
              "10.0.1.4"
            ],
            "resource_group_name": "rg-redhat-vm-001",
            "tags": null,
            "timeouts": null,
            "virtual_machine_id": ""
          },
          "sensitive_attributes": [],
          "private": "eyJlMmJmYjczMC1lY2FhLTExZTYtOGY4OC0zNDM2M2JjN2M0YzAiOnsiY3JlYXRlIjoxODAwMDAwMDAwMDAwLCJkZWxldGUiOjE4MDAwMDAwMDAwMDAsInJlYWQiOjMwMDAwMDAwMDAwMCwidXBkYXRlIjoxODAwMDAwMDAwMDAwfX0=",
          "dependencies": [
            "azurerm_public_ip.public_ip",
            "azurerm_resource_group.rg",
            "azurerm_subnet.subnet",
            "azurerm_virtual_network.vnet"
          ]
        }
      ]
    },
    {
      "mode": "managed",
      "type": "azurerm_network_interface_security_group_association",
      "name": "nsg_assoc",
      "provider": "provider[\"registry.terraform.io/hashicorp/azurerm\"]",
      "instances": [
        {
          "schema_version": 0,
          "attributes": {
            "id": "/subscriptions/247f1805-23e4-49df-8359-ce71728346a3/resourceGroups/rg-redhat-vm-001/providers/Microsoft.Network/networkInterfaces/nic-redhat|/subscriptions/247f1805-23e4-49df-8359-ce71728346a3/resourceGroups/rg-redhat-vm-001/providers/Microsoft.Network/networkSecurityGroups/nsg-redhat",
            "network_interface_id": "/subscriptions/247f1805-23e4-49df-8359-ce71728346a3/resourceGroups/rg-redhat-vm-001/providers/Microsoft.Network/networkInterfaces/nic-redhat",
            "network_security_group_id": "/subscriptions/247f1805-23e4-49df-8359-ce71728346a3/resourceGroups/rg-redhat-vm-001/providers/Microsoft.Network/networkSecurityGroups/nsg-redhat",
            "timeouts": null
          },
          "sensitive_attributes": [],
          "private": "eyJlMmJmYjczMC1lY2FhLTExZTYtOGY4OC0zNDM2M2JjN2M0YzAiOnsiY3JlYXRlIjoxODAwMDAwMDAwMDAwLCJkZWxldGUiOjE4MDAwMDAwMDAwMDAsInJlYWQiOjMwMDAwMDAwMDAwMH19",
          "dependencies": [
            "azurerm_network_interface.nic",
            "azurerm_network_security_group.nsg",
            "azurerm_public_ip.public_ip",
            "azurerm_resource_group.rg",
            "azurerm_subnet.subnet",
            "azurerm_virtual_network.vnet"
          ]
        }
      ]
    },
    {
      "mode": "managed",
      "type": "azurerm_network_security_group",
      "name": "nsg",
      "provider": "provider[\"registry.terraform.io/hashicorp/azurerm\"]",
      "instances": [
        {
          "schema_version": 0,
          "attributes": {
            "id": "/subscriptions/247f1805-23e4-49df-8359-ce71728346a3/resourceGroups/rg-redhat-vm-001/providers/Microsoft.Network/networkSecurityGroups/nsg-redhat",
            "location": "eastus",
            "name": "nsg-redhat",
            "resource_group_name": "rg-redhat-vm-001",
            "security_rule": [
              {
                "access": "Allow",
                "description": "",
                "destination_address_prefix": "*",
                "destination_address_prefixes": [],
                "destination_application_security_group_ids": [],
                "destination_port_range": "22",
                "destination_port_ranges": [],
                "direction": "Inbound",
                "name": "SSH",
                "priority": 1001,
                "protocol": "Tcp",
                "source_address_prefix": "*",
                "source_address_prefixes": [],
                "source_application_security_group_ids": [],
                "source_port_range": "*",
                "source_port_ranges": []
              }
            ],
            "tags": {},
            "timeouts": null
          },
          "sensitive_attributes": [],
          "private": "eyJlMmJmYjczMC1lY2FhLTExZTYtOGY4OC0zNDM2M2JjN2M0YzAiOnsiY3JlYXRlIjoxODAwMDAwMDAwMDAwLCJkZWxldGUiOjE4MDAwMDAwMDAwMDAsInJlYWQiOjMwMDAwMDAwMDAwMCwidXBkYXRlIjoxODAwMDAwMDAwMDAwfX0=",
          "dependencies": [
            "azurerm_resource_group.rg"
          ]
        }
      ]
    },
    {
      "mode": "managed",
      "type": "azurerm_public_ip",
      "name": "public_ip",
      "provider": "provider[\"registry.terraform.io/hashicorp/azurerm\"]",
      "instances": [
        {
          "schema_version": 0,
          "attributes": {
            "allocation_method": "Static",
            "ddos_protection_mode": "VirtualNetworkInherited",
            "ddos_protection_plan_id": null,
            "domain_name_label": null,
            "domain_name_label_scope": null,
            "edge_zone": "",
            "fqdn": null,
            "id": "/subscriptions/247f1805-23e4-49df-8359-ce71728346a3/resourceGroups/rg-redhat-vm-001/providers/Microsoft.Network/publicIPAddresses/public-ip-redhat",
            "idle_timeout_in_minutes": 4,
            "ip_address": "20.42.21.97",
            "ip_tags": null,
            "ip_version": "IPv4",
            "location": "eastus",
            "name": "public-ip-redhat",
            "public_ip_prefix_id": null,
            "resource_group_name": "rg-redhat-vm-001",
            "reverse_fqdn": null,
            "sku": "Standard",
            "sku_tier": "Regional",
            "tags": null,
            "timeouts": null,
            "zones": null
          },
          "sensitive_attributes": [],
          "private": "eyJlMmJmYjczMC1lY2FhLTExZTYtOGY4OC0zNDM2M2JjN2M0YzAiOnsiY3JlYXRlIjoxODAwMDAwMDAwMDAwLCJkZWxldGUiOjE4MDAwMDAwMDAwMDAsInJlYWQiOjMwMDAwMDAwMDAwMCwidXBkYXRlIjoxODAwMDAwMDAwMDAwfX0=",
          "dependencies": [
            "azurerm_resource_group.rg"
          ]
        }
      ]
    },
    {
      "mode": "managed",
      "type": "azurerm_resource_group",
      "name": "rg",
      "provider": "provider[\"registry.terraform.io/hashicorp/azurerm\"]",
      "instances": [
        {
          "schema_version": 0,
          "attributes": {
            "id": "/subscriptions/247f1805-23e4-49df-8359-ce71728346a3/resourceGroups/rg-redhat-vm-001",
            "location": "eastus",
            "managed_by": "",
            "name": "rg-redhat-vm-001",
            "tags": {},
            "timeouts": null
          },
          "sensitive_attributes": [],
          "private": "eyJlMmJmYjczMC1lY2FhLTExZTYtOGY4OC0zNDM2M2JjN2M0YzAiOnsiY3JlYXRlIjo1NDAwMDAwMDAwMDAwLCJkZWxldGUiOjU0MDAwMDAwMDAwMDAsInJlYWQiOjMwMDAwMDAwMDAwMCwidXBkYXRlIjo1NDAwMDAwMDAwMDAwfX0="
        }
      ]
    },
    {
      "mode": "managed",
      "type": "azurerm_subnet",
      "name": "subnet",
      "provider": "provider[\"registry.terraform.io/hashicorp/azurerm\"]",
      "instances": [
        {
          "schema_version": 0,
          "attributes": {
            "address_prefixes": [
              "10.0.1.0/24"
            ],
            "default_outbound_access_enabled": true,
            "delegation": [],
            "id": "/subscriptions/247f1805-23e4-49df-8359-ce71728346a3/resourceGroups/rg-redhat-vm-001/providers/Microsoft.Network/virtualNetworks/vnet-redhat/subnets/subnet-redhat",
            "ip_address_pool": [],
            "name": "subnet-redhat",
            "private_endpoint_network_policies": "Disabled",
            "private_link_service_network_policies_enabled": true,
            "resource_group_name": "rg-redhat-vm-001",
            "service_endpoint_policy_ids": [],
            "service_endpoints": [],
            "timeouts": null,
            "virtual_network_name": "vnet-redhat"
          },
          "sensitive_attributes": [],
          "private": "eyJlMmJmYjczMC1lY2FhLTExZTYtOGY4OC0zNDM2M2JjN2M0YzAiOnsiY3JlYXRlIjoxODAwMDAwMDAwMDAwLCJkZWxldGUiOjE4MDAwMDAwMDAwMDAsInJlYWQiOjMwMDAwMDAwMDAwMCwidXBkYXRlIjoxODAwMDAwMDAwMDAwfX0=",
          "dependencies": [
            "azurerm_resource_group.rg",
            "azurerm_virtual_network.vnet"
          ]
        }
      ]
    },
    {
      "mode": "managed",
      "type": "azurerm_virtual_network",
      "name": "vnet",
      "provider": "provider[\"registry.terraform.io/hashicorp/azurerm\"]",
      "instances": [
        {
          "schema_version": 0,
          "attributes": {
            "address_space": [
              "10.0.0.0/16"
            ],
            "bgp_community": "",
            "ddos_protection_plan": [],
            "dns_servers": [],
            "edge_zone": "",
            "encryption": [],
            "flow_timeout_in_minutes": 0,
            "guid": "12ba3c41-2de2-4033-94b2-d927d2a9fb7e",
            "id": "/subscriptions/247f1805-23e4-49df-8359-ce71728346a3/resourceGroups/rg-redhat-vm-001/providers/Microsoft.Network/virtualNetworks/vnet-redhat",
            "ip_address_pool": [],
            "location": "eastus",
            "name": "vnet-redhat",
            "private_endpoint_vnet_policies": "Disabled",
            "resource_group_name": "rg-redhat-vm-001",
            "subnet": [
              {
                "address_prefixes": [
                  "10.0.1.0/24"
                ],
                "default_outbound_access_enabled": true,
                "delegation": [],
                "id": "/subscriptions/247f1805-23e4-49df-8359-ce71728346a3/resourceGroups/rg-redhat-vm-001/providers/Microsoft.Network/virtualNetworks/vnet-redhat/subnets/subnet-redhat",
                "name": "subnet-redhat",
                "private_endpoint_network_policies": "Disabled",
                "private_link_service_network_policies_enabled": true,
                "route_table_id": "",
                "security_group": "",
                "service_endpoint_policy_ids": [],
                "service_endpoints": []
              }
            ],
            "tags": {},
            "timeouts": null
          },
          "sensitive_attributes": [],
          "private": "eyJlMmJmYjczMC1lY2FhLTExZTYtOGY4OC0zNDM2M2JjN2M0YzAiOnsiY3JlYXRlIjoxODAwMDAwMDAwMDAwLCJkZWxldGUiOjE4MDAwMDAwMDAwMDAsInJlYWQiOjMwMDAwMDAwMDAwMCwidXBkYXRlIjoxODAwMDAwMDAwMDAwfX0=",
          "dependencies": [
            "azurerm_resource_group.rg"
          ]
        }
      ]
    }
  ],
  "check_results": null
}
